{
    "name": "API-Interaction",
    "lockfileVersion": 2,
    "requires": true,
    "packages": {
        "": {
            "dependencies": {
                "@uniswap/v3-core": "^1.0.0"
            }
        },
        "node_modules/@uniswap/v3-core": {
            "version": "1.0.0",
            "resolved": "https://registry.npmjs.org/@uniswap/v3-core/-/v3-core-1.0.0.tgz",
            "integrity": "sha512-kSC4djMGKMHj7sLMYVnn61k9nu+lHjMIxgg9CDQT+s2QYLoA56GbSK9Oxr+qJXzzygbkrmuY6cwgP6cW2JXPFA==",
            "engines": {
                "node": ">=10"
            }
        }
    },
    "dependencies": {
        "@uniswap/v3-core": {
            "version": "1.0.0",
            "resolved": "https://registry.npmjs.org/@uniswap/v3-core/-/v3-core-1.0.0.tgz",
            "integrity": "sha512-kSC4djMGKMHj7sLMYVnn61k9nu+lHjMIxgg9CDQT+s2QYLoA56GbSK9Oxr+qJXzzygbkrmuY6cwgP6cW2JXPFA=="
        }
    }
}
